{
    "_meta": {
        "hash": {
            "sha256": "1f72ba85eb73656b7b846878a8f35fbfb1eb71d04d7badf0024545e8ad3c2b84"
        },
        "pipfile-spec": 6,
        "requires": {
            "python_version": "3.9"
        },
        "sources": [
            {
                "name": "pypi",
                "url": "https://pypi.org/simple",
                "verify_ssl": true
            }
        ]
    },
    "default": {
        "asn1crypto": {
            "hashes": [
                "sha256:4bcdf33c861c7d40bdcd74d8e4dd7661aac320fcdf40b9a3f95b4ee12fde2fa8",
                "sha256:f4f6e119474e58e04a2b1af817eb585b4fd72bdd89b998624712b5c99be7641c"
            ],
            "version": "==1.4.0"
        },
        "bitcash": {
            "hashes": [
                "sha256:58c7798a257071e3fef2395e418ae368a95e56ce925d5392263f57c1e4762626"
            ],
            "index": "pypi",
            "version": "==0.6.0"
        },
        "cashaddress-regtest": {
            "hashes": [
                "sha256:30b392a7e1e9c57d3803a6db6ceb245a6404f3d6fbb734ac47e182857f4f56b4",
                "sha256:5818b7c537eae853918379f9936c0c1e857be2d96ad100b6eef095b7aa6053c2"
            ],
            "markers": "python_version >= '2.7'",
            "version": "==1.1.0"
        },
        "certifi": {
            "hashes": [
                "sha256:1a4995114262bffbc2413b159f2a1a480c969de6e6eb13ee966d470af86af59c",
                "sha256:719a74fb9e33b9bd44cc7f3a8d94bc35e4049deebe19ba7d8e108280cfd59830"
            ],
            "version": "==2020.12.5"
        },
        "cffi": {
            "hashes": [
                "sha256:00a1ba5e2e95684448de9b89888ccd02c98d512064b4cb987d48f4b40aa0421e",
                "sha256:00e28066507bfc3fe865a31f325c8391a1ac2916219340f87dfad602c3e48e5d",
                "sha256:045d792900a75e8b1e1b0ab6787dd733a8190ffcf80e8c8ceb2fb10a29ff238a",
                "sha256:0638c3ae1a0edfb77c6765d487fee624d2b1ee1bdfeffc1f0b58c64d149e7eec",
                "sha256:105abaf8a6075dc96c1fe5ae7aae073f4696f2905fde6aeada4c9d2926752362",
                "sha256:155136b51fd733fa94e1c2ea5211dcd4c8879869008fc811648f16541bf99668",
                "sha256:1a465cbe98a7fd391d47dce4b8f7e5b921e6cd805ef421d04f5f66ba8f06086c",
                "sha256:1d2c4994f515e5b485fd6d3a73d05526aa0fcf248eb135996b088d25dfa1865b",
                "sha256:2c24d61263f511551f740d1a065eb0212db1dbbbbd241db758f5244281590c06",
                "sha256:51a8b381b16ddd370178a65360ebe15fbc1c71cf6f584613a7ea08bfad946698",
                "sha256:594234691ac0e9b770aee9fcdb8fa02c22e43e5c619456efd0d6c2bf276f3eb2",
                "sha256:5cf4be6c304ad0b6602f5c4e90e2f59b47653ac1ed9c662ed379fe48a8f26b0c",
                "sha256:64081b3f8f6f3c3de6191ec89d7dc6c86a8a43911f7ecb422c60e90c70be41c7",
                "sha256:6bc25fc545a6b3d57b5f8618e59fc13d3a3a68431e8ca5fd4c13241cd70d0009",
                "sha256:798caa2a2384b1cbe8a2a139d80734c9db54f9cc155c99d7cc92441a23871c03",
                "sha256:7c6b1dece89874d9541fc974917b631406233ea0440d0bdfbb8e03bf39a49b3b",
                "sha256:840793c68105fe031f34d6a086eaea153a0cd5c491cde82a74b420edd0a2b909",
                "sha256:8d6603078baf4e11edc4168a514c5ce5b3ba6e3e9c374298cb88437957960a53",
                "sha256:9cc46bc107224ff5b6d04369e7c595acb700c3613ad7bcf2e2012f62ece80c35",
                "sha256:9f7a31251289b2ab6d4012f6e83e58bc3b96bd151f5b5262467f4bb6b34a7c26",
                "sha256:9ffb888f19d54a4d4dfd4b3f29bc2c16aa4972f1c2ab9c4ab09b8ab8685b9c2b",
                "sha256:a5ed8c05548b54b998b9498753fb9cadbfd92ee88e884641377d8a8b291bcc01",
                "sha256:a7711edca4dcef1a75257b50a2fbfe92a65187c47dab5a0f1b9b332c5919a3fb",
                "sha256:af5c59122a011049aad5dd87424b8e65a80e4a6477419c0c1015f73fb5ea0293",
                "sha256:b18e0a9ef57d2b41f5c68beefa32317d286c3d6ac0484efd10d6e07491bb95dd",
                "sha256:b4e248d1087abf9f4c10f3c398896c87ce82a9856494a7155823eb45a892395d",
                "sha256:ba4e9e0ae13fc41c6b23299545e5ef73055213e466bd107953e4a013a5ddd7e3",
                "sha256:c6332685306b6417a91b1ff9fae889b3ba65c2292d64bd9245c093b1b284809d",
                "sha256:d5ff0621c88ce83a28a10d2ce719b2ee85635e85c515f12bac99a95306da4b2e",
                "sha256:d9efd8b7a3ef378dd61a1e77367f1924375befc2eba06168b6ebfa903a5e59ca",
                "sha256:df5169c4396adc04f9b0a05f13c074df878b6052430e03f50e68adf3a57aa28d",
                "sha256:ebb253464a5d0482b191274f1c8bf00e33f7e0b9c66405fbffc61ed2c839c775",
                "sha256:ec80dc47f54e6e9a78181ce05feb71a0353854cc26999db963695f950b5fb375",
                "sha256:f032b34669220030f905152045dfa27741ce1a6db3324a5bc0b96b6c7420c87b",
                "sha256:f60567825f791c6f8a592f3c6e3bd93dd2934e3f9dac189308426bd76b00ef3b",
                "sha256:f803eaa94c2fcda012c047e62bc7a51b0bdabda1cad7a92a522694ea2d76e49f"
            ],
            "version": "==1.14.4"
        },
        "chardet": {
            "hashes": [
                "sha256:0d6f53a15db4120f2b08c94f11e7d93d2c911ee118b6b30a04ec3ee8310179fa",
                "sha256:f864054d66fd9118f2e67044ac8981a54775ec5b67aed0441892edb553d21da5"
            ],
            "markers": "python_version >= '2.7' and python_version not in '3.0, 3.1, 3.2, 3.3, 3.4'",
            "version": "==4.0.0"
        },
        "coincurve": {
            "hashes": [
                "sha256:0da923e7eba89d65ff37d18be4935d710f21032f645e59f0b0749f40c19807d9",
                "sha256:1be6b876bfbdfdd8c4e94708c9cd024cb06c8461cabbcd9b96659743a23dfbd6",
                "sha256:1e3b9068df66df8669b4e58e03c5e95f382e582cf31a743c9aae9963272482bc",
                "sha256:1f6d74500eb5ba1bf3a8e2ac3c7bcc96d7076082a3b5500fa63f4b8fad170b75",
                "sha256:2d540d79adfca1c5be0122362b87ad7308b77a517da9dc51e523b7fbe8ac405a",
                "sha256:4595c6bfb5be36a7365c638f535b10afffe7bea70eff3b57e8c3cb5e7eaf5325",
                "sha256:4c1d9241a31c0fe6d50ce561294f63955ec0fb3afbf1579da8b3742612a6e9dc",
                "sha256:546fc4765e38aa36a723e8ebca03408145c4837d470bd3704e295902ee4e4224",
                "sha256:6eaf8ef5d91f6ebc2df35b7fce958b33fbee581f0e0becedfcbb8947da1764e8",
                "sha256:75a6a7c6116d7f10992e06c0aeeaddcaee55a537ceef17961180ba8dd33e4a03",
                "sha256:800b649bfc8e12a49927c98f02bfcc543af80f06bd25c4e5df41531ed142c681",
                "sha256:8474d1576d06d9d0c210bd64e3e245e43a8ff6e18c90e343567c5954b088726e",
                "sha256:96c023d330120a62234638b563f83d3064bfeb2d8a20ccbcf00ab4d851424458",
                "sha256:9985627dc0c81fe98c3d2e97412801e9726d6110249317a2775cf365f0ba0df5",
                "sha256:9af82dd36721245416c32256c0a3504dc13ee07de29b09ebb9724c2684b2cfb6",
                "sha256:9e25ab16935d348be05bdf8fab648475e568a1b5754f518979c8e2cd08c4a71d",
                "sha256:a01b2769c1045a8ba60bef61ef15c3b6276dcb75b850cfc0bfab92a2856deb3c",
                "sha256:a769882d0e2bf5f21d54992794d78325021eabcc6bfc3d373aa1ad7760a0f7fe",
                "sha256:b44eb772f696455ffc60e37c1b7de8ba4db9a388ddadfb960e6caf0f0da6b511",
                "sha256:b7f901083695dee84ab7b1a34c90d00fb18b71db74d25fae5be10455016049a7",
                "sha256:bec315f32b09bb14b3261a50c0decf4d3f51dcf5de9d6cfeaf463c37656f0087",
                "sha256:c26546176bdc1a77321d38a0178544f5f12f41c8b47e227581adebd61f30dea5",
                "sha256:e3ebedd738135b0661821c9d69369ee009adb87b21a32599fff7f78589d5e58d",
                "sha256:e6e35e3cbb6872f51c3b869a4fa27f36dc760db268818084a879c47e5a5b69e4",
                "sha256:f0b5cce8e677c493475cbe4356e4500e287d5f484918483f402bbd4305659af2",
                "sha256:f136c98b4a2df3829e1f2f2e6a28f7ff9d5676c5c3614c6d3e511f07e024c093",
                "sha256:fa4b6e311d45995012d194569a02281448d700681d72857433e05821a75d310d"
            ],
            "version": "==13.0.0"
        },
        "dataclasses": {
            "hashes": [
                "sha256:454a69d788c7fda44efd71e259be79577822f5e3f53f029a22d08004e951dc9f",
                "sha256:6988bd2b895eef432d562370bb707d540f32f7360ab13da45340101bc2307d84"
            ],
            "index": "pypi",
            "version": "==0.6"
        },
        "idna": {
            "hashes": [
                "sha256:b307872f855b18632ce0c21c5e45be78c0ea7ae4c15c828c20788b26921eb3f6",
                "sha256:b97d804b1e9b523befed77c48dacec60e6dcb0b5391d57af6a65a312a90648c0"
            ],
            "markers": "python_version >= '2.7' and python_version not in '3.0, 3.1, 3.2, 3.3'",
            "version": "==2.10"
        },
        "pycparser": {
            "hashes": [
                "sha256:2d475327684562c3a96cc71adf7dc8c4f0565175cf86b6d7a404ff4c771f15f0",
                "sha256:7582ad22678f0fcd81102833f60ef8d0e57288b6b5fb00323d101be910e35705"
            ],
            "markers": "python_version >= '2.7' and python_version not in '3.0, 3.1, 3.2, 3.3'",
            "version": "==2.20"
        },
        "requests": {
            "hashes": [
                "sha256:27973dd4a904a4f13b263a19c866c13b92a39ed1c964655f025f3f8d3d75b804",
                "sha256:c210084e36a42ae6b9219e00e48287def368a26d03a048ddad7bfee44f75871e"
            ],
            "markers": "python_version >= '2.7' and python_version not in '3.0, 3.1, 3.2, 3.3, 3.4'",
            "version": "==2.25.1"
        },
        "urllib3": {
            "hashes": [
                "sha256:19188f96923873c92ccb987120ec4acaa12f0461fa9ce5d3d0772bc965a39e08",
                "sha256:d8ff90d979214d7b4f8ce956e80f4028fc6860e4431f731ea4a8c08f23f99473"
            ],
            "markers": "python_version >= '2.7' and python_version not in '3.0, 3.1, 3.2, 3.3, 3.4' and python_version < '4'",
            "version": "==1.26.2"
        }
    },
    "develop": {}
}
